
Microsoft Visual Studio Solution File, Format Version 12.00
# Visual Studio Version 17
VisualStudioVersion = 17.3.32901.215
MinimumVisualStudioVersion = 10.0.40219.1
Project("{888888A0-9F3D-457C-B088-3A5042F75D52}") = "Rabtšinski", "Rabtšinski\Rabtšinski.pyproj", "{5C96D913-DCC7-43F6-8D8C-F5BD70D29BAD}"
EndProject
Global
	GlobalSection(SolutionConfigurationPlatforms) = preSolution
		Debug|Any CPU = Debug|Any CPU
		Release|Any CPU = Release|Any CPU
	EndGlobalSection
	GlobalSection(ProjectConfigurationPlatforms) = postSolution
		{5C96D913-DCC7-43F6-8D8C-F5BD70D29BAD}.Debug|Any CPU.ActiveCfg = Debug|Any CPU
		{5C96D913-DCC7-43F6-8D8C-F5BD70D29BAD}.Release|Any CPU.ActiveCfg = Release|Any CPU
	EndGlobalSection
	GlobalSection(SolutionProperties) = preSolution
		HideSolutionNode = FALSE
	EndGlobalSection
	GlobalSection(ExtensibilityGlobals) = postSolution
		SolutionGuid = {CAD2E842-7501-49F3-9C7F-538116A13E7B}
	EndGlobalSection
EndGlobal
